// !$*UTF8*$!
{
	archiveVersion = 1;
	classes = {
	};
	objectVersion = 50;
	objects = {

/* Begin PBXBuildFile section */
		983F4605244B249A0037401D /* Parameter.swift in Sources */ = {isa = PBXBuildFile; fileRef = 983F4604244B249A0037401D /* Parameter.swift */; };
		983F4607244B24CD0037401D /* ParametersService.swift in Sources */ = {isa = PBXBuildFile; fileRef = 983F4606244B24CD0037401D /* ParametersService.swift */; };
		983F4609244B272D0037401D /* ParameterDetailsViewController.swift in Sources */ = {isa = PBXBuildFile; fileRef = 983F4608244B272D0037401D /* ParameterDetailsViewController.swift */; };
		983F460B244B277B0037401D /* MeasurementsNavigator.swift in Sources */ = {isa = PBXBuildFile; fileRef = 983F460A244B277B0037401D /* MeasurementsNavigator.swift */; };
		983F460D244B29600037401D /* ParametersFacade.swift in Sources */ = {isa = PBXBuildFile; fileRef = 983F460C244B29600037401D /* ParametersFacade.swift */; };
		983F460F244B29930037401D /* ParameterViewModel.swift in Sources */ = {isa = PBXBuildFile; fileRef = 983F460E244B29930037401D /* ParameterViewModel.swift */; };
		983F4611244B6B4B0037401D /* ParameterSelectionView.swift in Sources */ = {isa = PBXBuildFile; fileRef = 983F4610244B6B4B0037401D /* ParameterSelectionView.swift */; };
		984C3FB0244C687800A2050A /* ParameterViewModelTests.swift in Sources */ = {isa = PBXBuildFile; fileRef = 984C3FAF244C687800A2050A /* ParameterViewModelTests.swift */; };
		984C3FB2244C68B000A2050A /* ParameterTestData.swift in Sources */ = {isa = PBXBuildFile; fileRef = 984C3FB1244C68B000A2050A /* ParameterTestData.swift */; };
		984C3FBA244C7AFD00A2050A /* MockParameterFacade.swift in Sources */ = {isa = PBXBuildFile; fileRef = 984C3FB9244C7AFD00A2050A /* MockParameterFacade.swift */; };
		9889CCFB244A83D9007C6668 /* Service.swift in Sources */ = {isa = PBXBuildFile; fileRef = 9889CCFA244A83D9007C6668 /* Service.swift */; };
		9889CCFF244A8711007C6668 /* CountriesService.swift in Sources */ = {isa = PBXBuildFile; fileRef = 9889CCFE244A8711007C6668 /* CountriesService.swift */; };
		9889CD01244A8719007C6668 /* MeasurementsService.swift in Sources */ = {isa = PBXBuildFile; fileRef = 9889CD00244A8719007C6668 /* MeasurementsService.swift */; };
		989F4043244B9113005A03B9 /* Resource.swift in Sources */ = {isa = PBXBuildFile; fileRef = 989F4042244B9113005A03B9 /* Resource.swift */; };
		989F4045244B921C005A03B9 /* Response.swift in Sources */ = {isa = PBXBuildFile; fileRef = 989F4044244B921C005A03B9 /* Response.swift */; };
		98A855BA2407F00600B5CEAB /* AppDelegate.swift in Sources */ = {isa = PBXBuildFile; fileRef = 98A855B92407F00600B5CEAB /* AppDelegate.swift */; };
		98A855BC2407F00600B5CEAB /* SceneDelegate.swift in Sources */ = {isa = PBXBuildFile; fileRef = 98A855BB2407F00600B5CEAB /* SceneDelegate.swift */; };
		98A855C32407F00600B5CEAB /* Assets.xcassets in Resources */ = {isa = PBXBuildFile; fileRef = 98A855C22407F00600B5CEAB /* Assets.xcassets */; };
		98A855C62407F00600B5CEAB /* LaunchScreen.storyboard in Resources */ = {isa = PBXBuildFile; fileRef = 98A855C42407F00600B5CEAB /* LaunchScreen.storyboard */; };
		98A855DC2407F00600B5CEAB /* AirQualityUITests.swift in Sources */ = {isa = PBXBuildFile; fileRef = 98A855DB2407F00600B5CEAB /* AirQualityUITests.swift */; };
		98A855ED2407F02F00B5CEAB /* Country.swift in Sources */ = {isa = PBXBuildFile; fileRef = 98A855EC2407F02F00B5CEAB /* Country.swift */; };
		98A855EF2407F04400B5CEAB /* Measurement.swift in Sources */ = {isa = PBXBuildFile; fileRef = 98A855EE2407F04400B5CEAB /* Measurement.swift */; };
		98A855F22407F06A00B5CEAB /* CountryViewModel.swift in Sources */ = {isa = PBXBuildFile; fileRef = 98A855F12407F06A00B5CEAB /* CountryViewModel.swift */; };
		98A855F42407F08300B5CEAB /* MeasurementViewModel.swift in Sources */ = {isa = PBXBuildFile; fileRef = 98A855F32407F08300B5CEAB /* MeasurementViewModel.swift */; };
		98A855F72407F0A200B5CEAB /* LoadingView.swift in Sources */ = {isa = PBXBuildFile; fileRef = 98A855F62407F0A200B5CEAB /* LoadingView.swift */; };
		98A855FA2407F0C800B5CEAB /* CountriesViewController.swift in Sources */ = {isa = PBXBuildFile; fileRef = 98A855F92407F0C800B5CEAB /* CountriesViewController.swift */; };
		98A855FC2407F0E400B5CEAB /* CountryCollectionViewCell.swift in Sources */ = {isa = PBXBuildFile; fileRef = 98A855FB2407F0E400B5CEAB /* CountryCollectionViewCell.swift */; };
		98A855FF2407F10F00B5CEAB /* MeasurementsViewController.swift in Sources */ = {isa = PBXBuildFile; fileRef = 98A855FE2407F10F00B5CEAB /* MeasurementsViewController.swift */; };
		98A856012407F12100B5CEAB /* MeasurementTableViewCell.swift in Sources */ = {isa = PBXBuildFile; fileRef = 98A856002407F12100B5CEAB /* MeasurementTableViewCell.swift */; };
		98A856032407F13400B5CEAB /* NoContentView.swift in Sources */ = {isa = PBXBuildFile; fileRef = 98A856022407F13400B5CEAB /* NoContentView.swift */; };
		98A856062407F14B00B5CEAB /* Backend.swift in Sources */ = {isa = PBXBuildFile; fileRef = 98A856052407F14B00B5CEAB /* Backend.swift */; };
		98A8560F2407F1A400B5CEAB /* CountriesFacade.swift in Sources */ = {isa = PBXBuildFile; fileRef = 98A8560E2407F1A300B5CEAB /* CountriesFacade.swift */; };
		98A856112407F1BB00B5CEAB /* MeasurementsFacade.swift in Sources */ = {isa = PBXBuildFile; fileRef = 98A856102407F1BB00B5CEAB /* MeasurementsFacade.swift */; };
		98A856142407F1DE00B5CEAB /* NavigationManager.swift in Sources */ = {isa = PBXBuildFile; fileRef = 98A856132407F1DE00B5CEAB /* NavigationManager.swift */; };
		98A856162407F1EF00B5CEAB /* Navigable.swift in Sources */ = {isa = PBXBuildFile; fileRef = 98A856152407F1EF00B5CEAB /* Navigable.swift */; };
		98A8561A2407F23200B5CEAB /* CountriesNavigator.swift in Sources */ = {isa = PBXBuildFile; fileRef = 98A856192407F23200B5CEAB /* CountriesNavigator.swift */; };
		98A8561D2407F24F00B5CEAB /* Extensions.swift in Sources */ = {isa = PBXBuildFile; fileRef = 98A8561C2407F24F00B5CEAB /* Extensions.swift */; };
		98A8561F2407F26300B5CEAB /* ViewConstants.swift in Sources */ = {isa = PBXBuildFile; fileRef = 98A8561E2407F26300B5CEAB /* ViewConstants.swift */; };
		98A856212407F42800B5CEAB /* MeasurementTestData.swift in Sources */ = {isa = PBXBuildFile; fileRef = 98A856202407F42800B5CEAB /* MeasurementTestData.swift */; };
		98A856232407F53200B5CEAB /* CountryTestData.swift in Sources */ = {isa = PBXBuildFile; fileRef = 98A856222407F53200B5CEAB /* CountryTestData.swift */; };
		98A856252407F8DB00B5CEAB /* MeasurementViewModelTests.swift in Sources */ = {isa = PBXBuildFile; fileRef = 98A856242407F8DB00B5CEAB /* MeasurementViewModelTests.swift */; };
		98A856272407F8E800B5CEAB /* CountryViewModelTests.swift in Sources */ = {isa = PBXBuildFile; fileRef = 98A856262407F8E800B5CEAB /* CountryViewModelTests.swift */; };
		98A856292407FC0000B5CEAB /* MockMeasurementsFacade.swift in Sources */ = {isa = PBXBuildFile; fileRef = 98A856282407FC0000B5CEAB /* MockMeasurementsFacade.swift */; };
		98A8562B2407FD0600B5CEAB /* MockCountriesFacade.swift in Sources */ = {isa = PBXBuildFile; fileRef = 98A8562A2407FD0600B5CEAB /* MockCountriesFacade.swift */; };
		98A856302407FE5D00B5CEAB /* MockMeasurementService.swift in Sources */ = {isa = PBXBuildFile; fileRef = 98A8562F2407FE5D00B5CEAB /* MockMeasurementService.swift */; };
		98A85632240805D500B5CEAB /* MeasurementsHeader.swift in Sources */ = {isa = PBXBuildFile; fileRef = 98A85631240805D500B5CEAB /* MeasurementsHeader.swift */; };
/* End PBXBuildFile section */

/* Begin PBXContainerItemProxy section */
		98A855CD2407F00600B5CEAB /* PBXContainerItemProxy */ = {
			isa = PBXContainerItemProxy;
			containerPortal = 98A855AE2407F00600B5CEAB /* Project object */;
			proxyType = 1;
			remoteGlobalIDString = 98A855B52407F00600B5CEAB;
			remoteInfo = AirQuality;
		};
		98A855D82407F00600B5CEAB /* PBXContainerItemProxy */ = {
			isa = PBXContainerItemProxy;
			containerPortal = 98A855AE2407F00600B5CEAB /* Project object */;
			proxyType = 1;
			remoteGlobalIDString = 98A855B52407F00600B5CEAB;
			remoteInfo = AirQuality;
		};
/* End PBXContainerItemProxy section */

/* Begin PBXFileReference section */
		983F4604244B249A0037401D /* Parameter.swift */ = {isa = PBXFileReference; lastKnownFileType = sourcecode.swift; path = Parameter.swift; sourceTree = "<group>"; };
		983F4606244B24CD0037401D /* ParametersService.swift */ = {isa = PBXFileReference; lastKnownFileType = sourcecode.swift; path = ParametersService.swift; sourceTree = "<group>"; };
		983F4608244B272D0037401D /* ParameterDetailsViewController.swift */ = {isa = PBXFileReference; lastKnownFileType = sourcecode.swift; path = ParameterDetailsViewController.swift; sourceTree = "<group>"; };
		983F460A244B277B0037401D /* MeasurementsNavigator.swift */ = {isa = PBXFileReference; lastKnownFileType = sourcecode.swift; path = MeasurementsNavigator.swift; sourceTree = "<group>"; };
		983F460C244B29600037401D /* ParametersFacade.swift */ = {isa = PBXFileReference; lastKnownFileType = sourcecode.swift; path = ParametersFacade.swift; sourceTree = "<group>"; };
		983F460E244B29930037401D /* ParameterViewModel.swift */ = {isa = PBXFileReference; lastKnownFileType = sourcecode.swift; path = ParameterViewModel.swift; sourceTree = "<group>"; };
		983F4610244B6B4B0037401D /* ParameterSelectionView.swift */ = {isa = PBXFileReference; lastKnownFileType = sourcecode.swift; path = ParameterSelectionView.swift; sourceTree = "<group>"; };
		984C3FAF244C687800A2050A /* ParameterViewModelTests.swift */ = {isa = PBXFileReference; lastKnownFileType = sourcecode.swift; path = ParameterViewModelTests.swift; sourceTree = "<group>"; };
		984C3FB1244C68B000A2050A /* ParameterTestData.swift */ = {isa = PBXFileReference; lastKnownFileType = sourcecode.swift; path = ParameterTestData.swift; sourceTree = "<group>"; };
		984C3FB9244C7AFD00A2050A /* MockParameterFacade.swift */ = {isa = PBXFileReference; lastKnownFileType = sourcecode.swift; path = MockParameterFacade.swift; sourceTree = "<group>"; };
		9889CCFA244A83D9007C6668 /* Service.swift */ = {isa = PBXFileReference; lastKnownFileType = sourcecode.swift; path = Service.swift; sourceTree = "<group>"; };
		9889CCFE244A8711007C6668 /* CountriesService.swift */ = {isa = PBXFileReference; lastKnownFileType = sourcecode.swift; path = CountriesService.swift; sourceTree = "<group>"; };
		9889CD00244A8719007C6668 /* MeasurementsService.swift */ = {isa = PBXFileReference; lastKnownFileType = sourcecode.swift; path = MeasurementsService.swift; sourceTree = "<group>"; };
		989F4042244B9113005A03B9 /* Resource.swift */ = {isa = PBXFileReference; lastKnownFileType = sourcecode.swift; path = Resource.swift; sourceTree = "<group>"; };
		989F4044244B921C005A03B9 /* Response.swift */ = {isa = PBXFileReference; fileEncoding = 4; lastKnownFileType = sourcecode.swift; path = Response.swift; sourceTree = "<group>"; };
		98A855B62407F00600B5CEAB /* AirQuality.app */ = {isa = PBXFileReference; explicitFileType = wrapper.application; includeInIndex = 0; path = AirQuality.app; sourceTree = BUILT_PRODUCTS_DIR; };
		98A855B92407F00600B5CEAB /* AppDelegate.swift */ = {isa = PBXFileReference; lastKnownFileType = sourcecode.swift; path = AppDelegate.swift; sourceTree = "<group>"; };
		98A855BB2407F00600B5CEAB /* SceneDelegate.swift */ = {isa = PBXFileReference; lastKnownFileType = sourcecode.swift; path = SceneDelegate.swift; sourceTree = "<group>"; };
		98A855C22407F00600B5CEAB /* Assets.xcassets */ = {isa = PBXFileReference; lastKnownFileType = folder.assetcatalog; path = Assets.xcassets; sourceTree = "<group>"; };
		98A855C52407F00600B5CEAB /* Base */ = {isa = PBXFileReference; lastKnownFileType = file.storyboard; name = Base; path = Base.lproj/LaunchScreen.storyboard; sourceTree = "<group>"; };
		98A855C72407F00600B5CEAB /* Info.plist */ = {isa = PBXFileReference; lastKnownFileType = text.plist.xml; path = Info.plist; sourceTree = "<group>"; };
		98A855CC2407F00600B5CEAB /* AirQualityTests.xctest */ = {isa = PBXFileReference; explicitFileType = wrapper.cfbundle; includeInIndex = 0; path = AirQualityTests.xctest; sourceTree = BUILT_PRODUCTS_DIR; };
		98A855D22407F00600B5CEAB /* Info.plist */ = {isa = PBXFileReference; lastKnownFileType = text.plist.xml; path = Info.plist; sourceTree = "<group>"; };
		98A855D72407F00600B5CEAB /* AirQualityUITests.xctest */ = {isa = PBXFileReference; explicitFileType = wrapper.cfbundle; includeInIndex = 0; path = AirQualityUITests.xctest; sourceTree = BUILT_PRODUCTS_DIR; };
		98A855DB2407F00600B5CEAB /* AirQualityUITests.swift */ = {isa = PBXFileReference; lastKnownFileType = sourcecode.swift; path = AirQualityUITests.swift; sourceTree = "<group>"; };
		98A855DD2407F00600B5CEAB /* Info.plist */ = {isa = PBXFileReference; lastKnownFileType = text.plist.xml; path = Info.plist; sourceTree = "<group>"; };
		98A855EC2407F02F00B5CEAB /* Country.swift */ = {isa = PBXFileReference; lastKnownFileType = sourcecode.swift; path = Country.swift; sourceTree = "<group>"; };
		98A855EE2407F04400B5CEAB /* Measurement.swift */ = {isa = PBXFileReference; lastKnownFileType = sourcecode.swift; path = Measurement.swift; sourceTree = "<group>"; };
		98A855F12407F06A00B5CEAB /* CountryViewModel.swift */ = {isa = PBXFileReference; lastKnownFileType = sourcecode.swift; path = CountryViewModel.swift; sourceTree = "<group>"; };
		98A855F32407F08300B5CEAB /* MeasurementViewModel.swift */ = {isa = PBXFileReference; lastKnownFileType = sourcecode.swift; path = MeasurementViewModel.swift; sourceTree = "<group>"; };
		98A855F62407F0A200B5CEAB /* LoadingView.swift */ = {isa = PBXFileReference; lastKnownFileType = sourcecode.swift; path = LoadingView.swift; sourceTree = "<group>"; };
		98A855F92407F0C800B5CEAB /* CountriesViewController.swift */ = {isa = PBXFileReference; lastKnownFileType = sourcecode.swift; path = CountriesViewController.swift; sourceTree = "<group>"; };
		98A855FB2407F0E400B5CEAB /* CountryCollectionViewCell.swift */ = {isa = PBXFileReference; lastKnownFileType = sourcecode.swift; path = CountryCollectionViewCell.swift; sourceTree = "<group>"; };
		98A855FE2407F10F00B5CEAB /* MeasurementsViewController.swift */ = {isa = PBXFileReference; lastKnownFileType = sourcecode.swift; path = MeasurementsViewController.swift; sourceTree = "<group>"; };
		98A856002407F12100B5CEAB /* MeasurementTableViewCell.swift */ = {isa = PBXFileReference; lastKnownFileType = sourcecode.swift; path = MeasurementTableViewCell.swift; sourceTree = "<group>"; };
		98A856022407F13400B5CEAB /* NoContentView.swift */ = {isa = PBXFileReference; lastKnownFileType = sourcecode.swift; path = NoContentView.swift; sourceTree = "<group>"; };
		98A856052407F14B00B5CEAB /* Backend.swift */ = {isa = PBXFileReference; lastKnownFileType = sourcecode.swift; path = Backend.swift; sourceTree = "<group>"; };
		98A8560E2407F1A300B5CEAB /* CountriesFacade.swift */ = {isa = PBXFileReference; lastKnownFileType = sourcecode.swift; path = CountriesFacade.swift; sourceTree = "<group>"; };
		98A856102407F1BB00B5CEAB /* MeasurementsFacade.swift */ = {isa = PBXFileReference; lastKnownFileType = sourcecode.swift; path = MeasurementsFacade.swift; sourceTree = "<group>"; };
		98A856132407F1DE00B5CEAB /* NavigationManager.swift */ = {isa = PBXFileReference; lastKnownFileType = sourcecode.swift; path = NavigationManager.swift; sourceTree = "<group>"; };
		98A856152407F1EF00B5CEAB /* Navigable.swift */ = {isa = PBXFileReference; lastKnownFileType = sourcecode.swift; path = Navigable.swift; sourceTree = "<group>"; };
		98A856192407F23200B5CEAB /* CountriesNavigator.swift */ = {isa = PBXFileReference; lastKnownFileType = sourcecode.swift; path = CountriesNavigator.swift; sourceTree = "<group>"; };
		98A8561C2407F24F00B5CEAB /* Extensions.swift */ = {isa = PBXFileReference; lastKnownFileType = sourcecode.swift; path = Extensions.swift; sourceTree = "<group>"; };
		98A8561E2407F26300B5CEAB /* ViewConstants.swift */ = {isa = PBXFileReference; lastKnownFileType = sourcecode.swift; path = ViewConstants.swift; sourceTree = "<group>"; };
		98A856202407F42800B5CEAB /* MeasurementTestData.swift */ = {isa = PBXFileReference; lastKnownFileType = sourcecode.swift; path = MeasurementTestData.swift; sourceTree = "<group>"; };
		98A856222407F53200B5CEAB /* CountryTestData.swift */ = {isa = PBXFileReference; lastKnownFileType = sourcecode.swift; path = CountryTestData.swift; sourceTree = "<group>"; };
		98A856242407F8DB00B5CEAB /* MeasurementViewModelTests.swift */ = {isa = PBXFileReference; lastKnownFileType = sourcecode.swift; path = MeasurementViewModelTests.swift; sourceTree = "<group>"; };
		98A856262407F8E800B5CEAB /* CountryViewModelTests.swift */ = {isa = PBXFileReference; lastKnownFileType = sourcecode.swift; path = CountryViewModelTests.swift; sourceTree = "<group>"; };
		98A856282407FC0000B5CEAB /* MockMeasurementsFacade.swift */ = {isa = PBXFileReference; lastKnownFileType = sourcecode.swift; path = MockMeasurementsFacade.swift; sourceTree = "<group>"; };
		98A8562A2407FD0600B5CEAB /* MockCountriesFacade.swift */ = {isa = PBXFileReference; lastKnownFileType = sourcecode.swift; path = MockCountriesFacade.swift; sourceTree = "<group>"; };
		98A8562F2407FE5D00B5CEAB /* MockMeasurementService.swift */ = {isa = PBXFileReference; lastKnownFileType = sourcecode.swift; path = MockMeasurementService.swift; sourceTree = "<group>"; };
		98A85631240805D500B5CEAB /* MeasurementsHeader.swift */ = {isa = PBXFileReference; lastKnownFileType = sourcecode.swift; path = MeasurementsHeader.swift; sourceTree = "<group>"; };
/* End PBXFileReference section */

/* Begin PBXFrameworksBuildPhase section */
		98A855B32407F00600B5CEAB /* Frameworks */ = {
			isa = PBXFrameworksBuildPhase;
			buildActionMask = 2147483647;
			files = (
			);
			runOnlyForDeploymentPostprocessing = 0;
		};
		98A855C92407F00600B5CEAB /* Frameworks */ = {
			isa = PBXFrameworksBuildPhase;
			buildActionMask = 2147483647;
			files = (
			);
			runOnlyForDeploymentPostprocessing = 0;
		};
		98A855D42407F00600B5CEAB /* Frameworks */ = {
			isa = PBXFrameworksBuildPhase;
			buildActionMask = 2147483647;
			files = (
			);
			runOnlyForDeploymentPostprocessing = 0;
		};
/* End PBXFrameworksBuildPhase section */

/* Begin PBXGroup section */
		983F4603244B24850037401D /* Parameters */ = {
			isa = PBXGroup;
			children = (
				983F4604244B249A0037401D /* Parameter.swift */,
				983F4606244B24CD0037401D /* ParametersService.swift */,
				983F460C244B29600037401D /* ParametersFacade.swift */,
				983F4608244B272D0037401D /* ParameterDetailsViewController.swift */,
				983F460E244B29930037401D /* ParameterViewModel.swift */,
			);
			path = Parameters;
			sourceTree = "<group>";
		};
		9889CD02244A8D17007C6668 /* Measurements */ = {
			isa = PBXGroup;
			children = (
				98A855EE2407F04400B5CEAB /* Measurement.swift */,
				9889CD00244A8719007C6668 /* MeasurementsService.swift */,
				98A856102407F1BB00B5CEAB /* MeasurementsFacade.swift */,
				98A855F32407F08300B5CEAB /* MeasurementViewModel.swift */,
				98A855FE2407F10F00B5CEAB /* MeasurementsViewController.swift */,
				98A856002407F12100B5CEAB /* MeasurementTableViewCell.swift */,
				98A85631240805D500B5CEAB /* MeasurementsHeader.swift */,
				983F4610244B6B4B0037401D /* ParameterSelectionView.swift */,
				983F460A244B277B0037401D /* MeasurementsNavigator.swift */,
			);
			path = Measurements;
			sourceTree = "<group>";
		};
		9889CD05244A8D7D007C6668 /* Countries */ = {
			isa = PBXGroup;
			children = (
				98A855EC2407F02F00B5CEAB /* Country.swift */,
				9889CCFE244A8711007C6668 /* CountriesService.swift */,
				98A8560E2407F1A300B5CEAB /* CountriesFacade.swift */,
				98A855F12407F06A00B5CEAB /* CountryViewModel.swift */,
				98A855F92407F0C800B5CEAB /* CountriesViewController.swift */,
				98A855FB2407F0E400B5CEAB /* CountryCollectionViewCell.swift */,
				98A856192407F23200B5CEAB /* CountriesNavigator.swift */,
			);
			path = Countries;
			sourceTree = "<group>";
		};
		98A855AD2407F00600B5CEAB = {
			isa = PBXGroup;
			children = (
				98A855B82407F00600B5CEAB /* AirQuality */,
				98A855CF2407F00600B5CEAB /* AirQualityTests */,
				98A855DA2407F00600B5CEAB /* AirQualityUITests */,
				98A855B72407F00600B5CEAB /* Products */,
			);
			sourceTree = "<group>";
		};
		98A855B72407F00600B5CEAB /* Products */ = {
			isa = PBXGroup;
			children = (
				98A855B62407F00600B5CEAB /* AirQuality.app */,
				98A855CC2407F00600B5CEAB /* AirQualityTests.xctest */,
				98A855D72407F00600B5CEAB /* AirQualityUITests.xctest */,
			);
			name = Products;
			sourceTree = "<group>";
		};
		98A855B82407F00600B5CEAB /* AirQuality */ = {
			isa = PBXGroup;
			children = (
				9889CD05244A8D7D007C6668 /* Countries */,
				9889CD02244A8D17007C6668 /* Measurements */,
				983F4603244B24850037401D /* Parameters */,
				98A855F52407F09600B5CEAB /* Views */,
				98A856042407F13C00B5CEAB /* Network */,
				98A856122407F1C700B5CEAB /* Navigation */,
				98A8561B2407F23B00B5CEAB /* Utilities */,
				98A855B92407F00600B5CEAB /* AppDelegate.swift */,
				98A855BB2407F00600B5CEAB /* SceneDelegate.swift */,
				98A855C22407F00600B5CEAB /* Assets.xcassets */,
				98A855C42407F00600B5CEAB /* LaunchScreen.storyboard */,
				98A855C72407F00600B5CEAB /* Info.plist */,
			);
			path = AirQuality;
			sourceTree = "<group>";
		};
		98A855CF2407F00600B5CEAB /* AirQualityTests */ = {
			isa = PBXGroup;
			children = (
				98A855D22407F00600B5CEAB /* Info.plist */,
				98A8562E2407FDBD00B5CEAB /* ViewModels */,
				98A8562D2407FDB300B5CEAB /* Test Data */,
				98A8562C2407FDA000B5CEAB /* Mock */,
			);
			path = AirQualityTests;
			sourceTree = "<group>";
		};
		98A855DA2407F00600B5CEAB /* AirQualityUITests */ = {
			isa = PBXGroup;
			children = (
				98A855DB2407F00600B5CEAB /* AirQualityUITests.swift */,
				98A855DD2407F00600B5CEAB /* Info.plist */,
			);
			path = AirQualityUITests;
			sourceTree = "<group>";
		};
		98A855F52407F09600B5CEAB /* Views */ = {
			isa = PBXGroup;
			children = (
				98A855F62407F0A200B5CEAB /* LoadingView.swift */,
				98A856022407F13400B5CEAB /* NoContentView.swift */,
			);
			path = Views;
			sourceTree = "<group>";
		};
		98A856042407F13C00B5CEAB /* Network */ = {
			isa = PBXGroup;
			children = (
				98A856052407F14B00B5CEAB /* Backend.swift */,
				9889CCFA244A83D9007C6668 /* Service.swift */,
				989F4042244B9113005A03B9 /* Resource.swift */,
				989F4044244B921C005A03B9 /* Response.swift */,
			);
			path = Network;
			sourceTree = "<group>";
		};
		98A856122407F1C700B5CEAB /* Navigation */ = {
			isa = PBXGroup;
			children = (
				98A856132407F1DE00B5CEAB /* NavigationManager.swift */,
				98A856152407F1EF00B5CEAB /* Navigable.swift */,
			);
			path = Navigation;
			sourceTree = "<group>";
		};
		98A8561B2407F23B00B5CEAB /* Utilities */ = {
			isa = PBXGroup;
			children = (
				98A8561C2407F24F00B5CEAB /* Extensions.swift */,
				98A8561E2407F26300B5CEAB /* ViewConstants.swift */,
			);
			path = Utilities;
			sourceTree = "<group>";
		};
		98A8562C2407FDA000B5CEAB /* Mock */ = {
			isa = PBXGroup;
			children = (
				98A8562A2407FD0600B5CEAB /* MockCountriesFacade.swift */,
				98A856282407FC0000B5CEAB /* MockMeasurementsFacade.swift */,
				984C3FB9244C7AFD00A2050A /* MockParameterFacade.swift */,
				98A8562F2407FE5D00B5CEAB /* MockMeasurementService.swift */,
			);
			path = Mock;
			sourceTree = "<group>";
		};
		98A8562D2407FDB300B5CEAB /* Test Data */ = {
			isa = PBXGroup;
			children = (
				98A856202407F42800B5CEAB /* MeasurementTestData.swift */,
				98A856222407F53200B5CEAB /* CountryTestData.swift */,
				984C3FB1244C68B000A2050A /* ParameterTestData.swift */,
			);
			path = "Test Data";
			sourceTree = "<group>";
		};
		98A8562E2407FDBD00B5CEAB /* ViewModels */ = {
			isa = PBXGroup;
			children = (
				98A856242407F8DB00B5CEAB /* MeasurementViewModelTests.swift */,
				98A856262407F8E800B5CEAB /* CountryViewModelTests.swift */,
				984C3FAF244C687800A2050A /* ParameterViewModelTests.swift */,
			);
			path = ViewModels;
			sourceTree = "<group>";
		};
/* End PBXGroup section */

/* Begin PBXNativeTarget section */
		98A855B52407F00600B5CEAB /* AirQuality */ = {
			isa = PBXNativeTarget;
			buildConfigurationList = 98A855E02407F00600B5CEAB /* Build configuration list for PBXNativeTarget "AirQuality" */;
			buildPhases = (
				98A855B22407F00600B5CEAB /* Sources */,
				98A855B32407F00600B5CEAB /* Frameworks */,
				98A855B42407F00600B5CEAB /* Resources */,
			);
			buildRules = (
			);
			dependencies = (
			);
			name = AirQuality;
			productName = AirQuality;
			productReference = 98A855B62407F00600B5CEAB /* AirQuality.app */;
			productType = "com.apple.product-type.application";
		};
		98A855CB2407F00600B5CEAB /* AirQualityTests */ = {
			isa = PBXNativeTarget;
			buildConfigurationList = 98A855E32407F00600B5CEAB /* Build configuration list for PBXNativeTarget "AirQualityTests" */;
			buildPhases = (
				98A855C82407F00600B5CEAB /* Sources */,
				98A855C92407F00600B5CEAB /* Frameworks */,
				98A855CA2407F00600B5CEAB /* Resources */,
			);
			buildRules = (
			);
			dependencies = (
				98A855CE2407F00600B5CEAB /* PBXTargetDependency */,
			);
			name = AirQualityTests;
			productName = AirQualityTests;
			productReference = 98A855CC2407F00600B5CEAB /* AirQualityTests.xctest */;
			productType = "com.apple.product-type.bundle.unit-test";
		};
		98A855D62407F00600B5CEAB /* AirQualityUITests */ = {
			isa = PBXNativeTarget;
			buildConfigurationList = 98A855E62407F00600B5CEAB /* Build configuration list for PBXNativeTarget "AirQualityUITests" */;
			buildPhases = (
				98A855D32407F00600B5CEAB /* Sources */,
				98A855D42407F00600B5CEAB /* Frameworks */,
				98A855D52407F00600B5CEAB /* Resources */,
			);
			buildRules = (
			);
			dependencies = (
				98A855D92407F00600B5CEAB /* PBXTargetDependency */,
			);
			name = AirQualityUITests;
			productName = AirQualityUITests;
			productReference = 98A855D72407F00600B5CEAB /* AirQualityUITests.xctest */;
			productType = "com.apple.product-type.bundle.ui-testing";
		};
/* End PBXNativeTarget section */

/* Begin PBXProject section */
		98A855AE2407F00600B5CEAB /* Project object */ = {
			isa = PBXProject;
			attributes = {
				LastSwiftUpdateCheck = 1100;
				LastUpgradeCheck = 1100;
				ORGANIZATIONNAME = "Alessandro Loi";
				TargetAttributes = {
					98A855B52407F00600B5CEAB = {
						CreatedOnToolsVersion = 11.0;
					};
					98A855CB2407F00600B5CEAB = {
						CreatedOnToolsVersion = 11.0;
						TestTargetID = 98A855B52407F00600B5CEAB;
					};
					98A855D62407F00600B5CEAB = {
						CreatedOnToolsVersion = 11.0;
						TestTargetID = 98A855B52407F00600B5CEAB;
					};
				};
			};
			buildConfigurationList = 98A855B12407F00600B5CEAB /* Build configuration list for PBXProject "AirQuality" */;
			compatibilityVersion = "Xcode 9.3";
			developmentRegion = en;
			hasScannedForEncodings = 0;
			knownRegions = (
				en,
				Base,
			);
			mainGroup = 98A855AD2407F00600B5CEAB;
			productRefGroup = 98A855B72407F00600B5CEAB /* Products */;
			projectDirPath = "";
			projectRoot = "";
			targets = (
				98A855B52407F00600B5CEAB /* AirQuality */,
				98A855CB2407F00600B5CEAB /* AirQualityTests */,
				98A855D62407F00600B5CEAB /* AirQualityUITests */,
			);
		};
/* End PBXProject section */

/* Begin PBXResourcesBuildPhase section */
		98A855B42407F00600B5CEAB /* Resources */ = {
			isa = PBXResourcesBuildPhase;
			buildActionMask = 2147483647;
			files = (
				98A855C62407F00600B5CEAB /* LaunchScreen.storyboard in Resources */,
				98A855C32407F00600B5CEAB /* Assets.xcassets in Resources */,
			);
			runOnlyForDeploymentPostprocessing = 0;
		};
		98A855CA2407F00600B5CEAB /* Resources */ = {
			isa = PBXResourcesBuildPhase;
			buildActionMask = 2147483647;
			files = (
			);
			runOnlyForDeploymentPostprocessing = 0;
		};
		98A855D52407F00600B5CEAB /* Resources */ = {
			isa = PBXResourcesBuildPhase;
			buildActionMask = 2147483647;
			files = (
			);
			runOnlyForDeploymentPostprocessing = 0;
		};
/* End PBXResourcesBuildPhase section */

/* Begin PBXSourcesBuildPhase section */
		98A855B22407F00600B5CEAB /* Sources */ = {
			isa = PBXSourcesBuildPhase;
			buildActionMask = 2147483647;
			files = (
				98A856112407F1BB00B5CEAB /* MeasurementsFacade.swift in Sources */,
				9889CCFB244A83D9007C6668 /* Service.swift in Sources */,
				983F4611244B6B4B0037401D /* ParameterSelectionView.swift in Sources */,
				98A856142407F1DE00B5CEAB /* NavigationManager.swift in Sources */,
				98A856062407F14B00B5CEAB /* Backend.swift in Sources */,
				98A8561F2407F26300B5CEAB /* ViewConstants.swift in Sources */,
				98A855EF2407F04400B5CEAB /* Measurement.swift in Sources */,
				989F4045244B921C005A03B9 /* Response.swift in Sources */,
				98A855FA2407F0C800B5CEAB /* CountriesViewController.swift in Sources */,
				989F4043244B9113005A03B9 /* Resource.swift in Sources */,
				98A855BA2407F00600B5CEAB /* AppDelegate.swift in Sources */,
				983F4607244B24CD0037401D /* ParametersService.swift in Sources */,
				98A855ED2407F02F00B5CEAB /* Country.swift in Sources */,
				98A855F22407F06A00B5CEAB /* CountryViewModel.swift in Sources */,
				98A856032407F13400B5CEAB /* NoContentView.swift in Sources */,
				983F460F244B29930037401D /* ParameterViewModel.swift in Sources */,
				98A855BC2407F00600B5CEAB /* SceneDelegate.swift in Sources */,
				98A856162407F1EF00B5CEAB /* Navigable.swift in Sources */,
				98A855F42407F08300B5CEAB /* MeasurementViewModel.swift in Sources */,
				983F4609244B272D0037401D /* ParameterDetailsViewController.swift in Sources */,
				98A8561A2407F23200B5CEAB /* CountriesNavigator.swift in Sources */,
				98A85632240805D500B5CEAB /* MeasurementsHeader.swift in Sources */,
				98A8560F2407F1A400B5CEAB /* CountriesFacade.swift in Sources */,
				9889CD01244A8719007C6668 /* MeasurementsService.swift in Sources */,
				983F460D244B29600037401D /* ParametersFacade.swift in Sources */,
				983F4605244B249A0037401D /* Parameter.swift in Sources */,
				98A8561D2407F24F00B5CEAB /* Extensions.swift in Sources */,
				983F460B244B277B0037401D /* MeasurementsNavigator.swift in Sources */,
				98A856012407F12100B5CEAB /* MeasurementTableViewCell.swift in Sources */,
				98A855F72407F0A200B5CEAB /* LoadingView.swift in Sources */,
				98A855FF2407F10F00B5CEAB /* MeasurementsViewController.swift in Sources */,
				9889CCFF244A8711007C6668 /* CountriesService.swift in Sources */,
				98A855FC2407F0E400B5CEAB /* CountryCollectionViewCell.swift in Sources */,
			);
			runOnlyForDeploymentPostprocessing = 0;
		};
		98A855C82407F00600B5CEAB /* Sources */ = {
			isa = PBXSourcesBuildPhase;
			buildActionMask = 2147483647;
			files = (
				984C3FBA244C7AFD00A2050A /* MockParameterFacade.swift in Sources */,
				984C3FB0244C687800A2050A /* ParameterViewModelTests.swift in Sources */,
				98A856232407F53200B5CEAB /* CountryTestData.swift in Sources */,
				98A856292407FC0000B5CEAB /* MockMeasurementsFacade.swift in Sources */,
				98A856302407FE5D00B5CEAB /* MockMeasurementService.swift in Sources */,
				984C3FB2244C68B000A2050A /* ParameterTestData.swift in Sources */,
				98A8562B2407FD0600B5CEAB /* MockCountriesFacade.swift in Sources */,
				98A856272407F8E800B5CEAB /* CountryViewModelTests.swift in Sources */,
				98A856212407F42800B5CEAB /* MeasurementTestData.swift in Sources */,
				98A856252407F8DB00B5CEAB /* MeasurementViewModelTests.swift in Sources */,
			);
			runOnlyForDeploymentPostprocessing = 0;
		};
		98A855D32407F00600B5CEAB /* Sources */ = {
			isa = PBXSourcesBuildPhase;
			buildActionMask = 2147483647;
			files = (
				98A855DC2407F00600B5CEAB /* AirQualityUITests.swift in Sources */,
			);
			runOnlyForDeploymentPostprocessing = 0;
		};
/* End PBXSourcesBuildPhase section */

/* Begin PBXTargetDependency section */
		98A855CE2407F00600B5CEAB /* PBXTargetDependency */ = {
			isa = PBXTargetDependency;
			target = 98A855B52407F00600B5CEAB /* AirQuality */;
			targetProxy = 98A855CD2407F00600B5CEAB /* PBXContainerItemProxy */;
		};
		98A855D92407F00600B5CEAB /* PBXTargetDependency */ = {
			isa = PBXTargetDependency;
			target = 98A855B52407F00600B5CEAB /* AirQuality */;
			targetProxy = 98A855D82407F00600B5CEAB /* PBXContainerItemProxy */;
		};
/* End PBXTargetDependency section */

/* Begin PBXVariantGroup section */
		98A855C42407F00600B5CEAB /* LaunchScreen.storyboard */ = {
			isa = PBXVariantGroup;
			children = (
				98A855C52407F00600B5CEAB /* Base */,
			);
			name = LaunchScreen.storyboard;
			sourceTree = "<group>";
		};
/* End PBXVariantGroup section */

/* Begin XCBuildConfiguration section */
		98A855DE2407F00600B5CEAB /* Debug */ = {
			isa = XCBuildConfiguration;
			buildSettings = {
				ALWAYS_SEARCH_USER_PATHS = NO;
				CLANG_ANALYZER_NONNULL = YES;
				CLANG_ANALYZER_NUMBER_OBJECT_CONVERSION = YES_AGGRESSIVE;
				CLANG_CXX_LANGUAGE_STANDARD = "gnu++14";
				CLANG_CXX_LIBRARY = "libc++";
				CLANG_ENABLE_MODULES = YES;
				CLANG_ENABLE_OBJC_ARC = YES;
				CLANG_ENABLE_OBJC_WEAK = YES;
				CLANG_WARN_BLOCK_CAPTURE_AUTORELEASING = YES;
				CLANG_WARN_BOOL_CONVERSION = YES;
				CLANG_WARN_COMMA = YES;
				CLANG_WARN_CONSTANT_CONVERSION = YES;
				CLANG_WARN_DEPRECATED_OBJC_IMPLEMENTATIONS = YES;
				CLANG_WARN_DIRECT_OBJC_ISA_USAGE = YES_ERROR;
				CLANG_WARN_DOCUMENTATION_COMMENTS = YES;
				CLANG_WARN_EMPTY_BODY = YES;
				CLANG_WARN_ENUM_CONVERSION = YES;
				CLANG_WARN_INFINITE_RECURSION = YES;
				CLANG_WARN_INT_CONVERSION = YES;
				CLANG_WARN_NON_LITERAL_NULL_CONVERSION = YES;
				CLANG_WARN_OBJC_IMPLICIT_RETAIN_SELF = YES;
				CLANG_WARN_OBJC_LITERAL_CONVERSION = YES;
				CLANG_WARN_OBJC_ROOT_CLASS = YES_ERROR;
				CLANG_WARN_RANGE_LOOP_ANALYSIS = YES;
				CLANG_WARN_STRICT_PROTOTYPES = YES;
				CLANG_WARN_SUSPICIOUS_MOVE = YES;
				CLANG_WARN_UNGUARDED_AVAILABILITY = YES_AGGRESSIVE;
				CLANG_WARN_UNREACHABLE_CODE = YES;
				CLANG_WARN__DUPLICATE_METHOD_MATCH = YES;
				COPY_PHASE_STRIP = NO;
				DEBUG_INFORMATION_FORMAT = dwarf;
				ENABLE_STRICT_OBJC_MSGSEND = YES;
				ENABLE_TESTABILITY = YES;
				GCC_C_LANGUAGE_STANDARD = gnu11;
				GCC_DYNAMIC_NO_PIC = NO;
				GCC_NO_COMMON_BLOCKS = YES;
				GCC_OPTIMIZATION_LEVEL = 0;
				GCC_PREPROCESSOR_DEFINITIONS = (
					"DEBUG=1",
					"$(inherited)",
				);
				GCC_WARN_64_TO_32_BIT_CONVERSION = YES;
				GCC_WARN_ABOUT_RETURN_TYPE = YES_ERROR;
				GCC_WARN_UNDECLARED_SELECTOR = YES;
				GCC_WARN_UNINITIALIZED_AUTOS = YES_AGGRESSIVE;
				GCC_WARN_UNUSED_FUNCTION = YES;
				GCC_WARN_UNUSED_VARIABLE = YES;
				IPHONEOS_DEPLOYMENT_TARGET = 13.0;
				MTL_ENABLE_DEBUG_INFO = INCLUDE_SOURCE;
				MTL_FAST_MATH = YES;
				ONLY_ACTIVE_ARCH = YES;
				SDKROOT = iphoneos;
				SWIFT_ACTIVE_COMPILATION_CONDITIONS = DEBUG;
				SWIFT_OPTIMIZATION_LEVEL = "-Onone";
			};
			name = Debug;
		};
		98A855DF2407F00600B5CEAB /* Release */ = {
			isa = XCBuildConfiguration;
			buildSettings = {
				ALWAYS_SEARCH_USER_PATHS = NO;
				CLANG_ANALYZER_NONNULL = YES;
				CLANG_ANALYZER_NUMBER_OBJECT_CONVERSION = YES_AGGRESSIVE;
				CLANG_CXX_LANGUAGE_STANDARD = "gnu++14";
				CLANG_CXX_LIBRARY = "libc++";
				CLANG_ENABLE_MODULES = YES;
				CLANG_ENABLE_OBJC_ARC = YES;
				CLANG_ENABLE_OBJC_WEAK = YES;
				CLANG_WARN_BLOCK_CAPTURE_AUTORELEASING = YES;
				CLANG_WARN_BOOL_CONVERSION = YES;
				CLANG_WARN_COMMA = YES;
				CLANG_WARN_CONSTANT_CONVERSION = YES;
				CLANG_WARN_DEPRECATED_OBJC_IMPLEMENTATIONS = YES;
				CLANG_WARN_DIRECT_OBJC_ISA_USAGE = YES_ERROR;
				CLANG_WARN_DOCUMENTATION_COMMENTS = YES;
				CLANG_WARN_EMPTY_BODY = YES;
				CLANG_WARN_ENUM_CONVERSION = YES;
				CLANG_WARN_INFINITE_RECURSION = YES;
				CLANG_WARN_INT_CONVERSION = YES;
				CLANG_WARN_NON_LITERAL_NULL_CONVERSION = YES;
				CLANG_WARN_OBJC_IMPLICIT_RETAIN_SELF = YES;
				CLANG_WARN_OBJC_LITERAL_CONVERSION = YES;
				CLANG_WARN_OBJC_ROOT_CLASS = YES_ERROR;
				CLANG_WARN_RANGE_LOOP_ANALYSIS = YES;
				CLANG_WARN_STRICT_PROTOTYPES = YES;
				CLANG_WARN_SUSPICIOUS_MOVE = YES;
				CLANG_WARN_UNGUARDED_AVAILABILITY = YES_AGGRESSIVE;
				CLANG_WARN_UNREACHABLE_CODE = YES;
				CLANG_WARN__DUPLICATE_METHOD_MATCH = YES;
				COPY_PHASE_STRIP = NO;
				DEBUG_INFORMATION_FORMAT = "dwarf-with-dsym";
				ENABLE_NS_ASSERTIONS = NO;
				ENABLE_STRICT_OBJC_MSGSEND = YES;
				GCC_C_LANGUAGE_STANDARD = gnu11;
				GCC_NO_COMMON_BLOCKS = YES;
				GCC_WARN_64_TO_32_BIT_CONVERSION = YES;
				GCC_WARN_ABOUT_RETURN_TYPE = YES_ERROR;
				GCC_WARN_UNDECLARED_SELECTOR = YES;
				GCC_WARN_UNINITIALIZED_AUTOS = YES_AGGRESSIVE;
				GCC_WARN_UNUSED_FUNCTION = YES;
				GCC_WARN_UNUSED_VARIABLE = YES;
				IPHONEOS_DEPLOYMENT_TARGET = 13.0;
				MTL_ENABLE_DEBUG_INFO = NO;
				MTL_FAST_MATH = YES;
				SDKROOT = iphoneos;
				SWIFT_COMPILATION_MODE = wholemodule;
				SWIFT_OPTIMIZATION_LEVEL = "-O";
				VALIDATE_PRODUCT = YES;
			};
			name = Release;
		};
		98A855E12407F00600B5CEAB /* Debug */ = {
			isa = XCBuildConfiguration;
			buildSettings = {
				ASSETCATALOG_COMPILER_APPICON_NAME = AppIcon;
				CODE_SIGN_STYLE = Automatic;
				DEVELOPMENT_TEAM = Z8WP5WHYSB;
				INFOPLIST_FILE = AirQuality/Info.plist;
				IPHONEOS_DEPLOYMENT_TARGET = 13.0;
				LD_RUNPATH_SEARCH_PATHS = (
					"$(inherited)",
					"@executable_path/Frameworks",
				);
				PRODUCT_BUNDLE_IDENTIFIER = AlessandroLoi.AirQuality;
				PRODUCT_NAME = "$(TARGET_NAME)";
				SWIFT_VERSION = 5.0;
				TARGETED_DEVICE_FAMILY = 1;
			};
			name = Debug;
		};
		98A855E22407F00600B5CEAB /* Release */ = {
			isa = XCBuildConfiguration;
			buildSettings = {
				ASSETCATALOG_COMPILER_APPICON_NAME = AppIcon;
				CODE_SIGN_STYLE = Automatic;
				DEVELOPMENT_TEAM = Z8WP5WHYSB;
				INFOPLIST_FILE = AirQuality/Info.plist;
				IPHONEOS_DEPLOYMENT_TARGET = 13.0;
				LD_RUNPATH_SEARCH_PATHS = (
					"$(inherited)",
					"@executable_path/Frameworks",
				);
				PRODUCT_BUNDLE_IDENTIFIER = AlessandroLoi.AirQuality;
				PRODUCT_NAME = "$(TARGET_NAME)";
				SWIFT_VERSION = 5.0;
				TARGETED_DEVICE_FAMILY = 1;
			};
			name = Release;
		};
		98A855E42407F00600B5CEAB /* Debug */ = {
			isa = XCBuildConfiguration;
			buildSettings = {
				ALWAYS_EMBED_SWIFT_STANDARD_LIBRARIES = YES;
				BUNDLE_LOADER = "$(TEST_HOST)";
				CODE_SIGN_STYLE = Automatic;
				DEVELOPMENT_TEAM = Z8WP5WHYSB;
				INFOPLIST_FILE = AirQualityTests/Info.plist;
				IPHONEOS_DEPLOYMENT_TARGET = 13.0;
				LD_RUNPATH_SEARCH_PATHS = (
					"$(inherited)",
					"@executable_path/Frameworks",
					"@loader_path/Frameworks",
				);
				PRODUCT_BUNDLE_IDENTIFIER = AlessandroLoi.AirQualityTests;
				PRODUCT_NAME = "$(TARGET_NAME)";
				SWIFT_VERSION = 5.0;
				TARGETED_DEVICE_FAMILY = "1,2";
				TEST_HOST = "$(BUILT_PRODUCTS_DIR)/AirQuality.app/AirQuality";
			};
			name = Debug;
		};
		98A855E52407F00600B5CEAB /* Release */ = {
			isa = XCBuildConfiguration;
			buildSettings = {
				ALWAYS_EMBED_SWIFT_STANDARD_LIBRARIES = YES;
				BUNDLE_LOADER = "$(TEST_HOST)";
				CODE_SIGN_STYLE = Automatic;
				DEVELOPMENT_TEAM = Z8WP5WHYSB;
				INFOPLIST_FILE = AirQualityTests/Info.plist;
				IPHONEOS_DEPLOYMENT_TARGET = 13.0;
				LD_RUNPATH_SEARCH_PATHS = (
					"$(inherited)",
					"@executable_path/Frameworks",
					"@loader_path/Frameworks",
				);
				PRODUCT_BUNDLE_IDENTIFIER = AlessandroLoi.AirQualityTests;
				PRODUCT_NAME = "$(TARGET_NAME)";
				SWIFT_VERSION = 5.0;
				TARGETED_DEVICE_FAMILY = "1,2";
				TEST_HOST = "$(BUILT_PRODUCTS_DIR)/AirQuality.app/AirQuality";
			};
			name = Release;
		};
		98A855E72407F00600B5CEAB /* Debug */ = {
			isa = XCBuildConfiguration;
			buildSettings = {
				ALWAYS_EMBED_SWIFT_STANDARD_LIBRARIES = YES;
				CODE_SIGN_STYLE = Automatic;
				DEVELOPMENT_TEAM = Z8WP5WHYSB;
				INFOPLIST_FILE = AirQualityUITests/Info.plist;
				LD_RUNPATH_SEARCH_PATHS = (
					"$(inherited)",
					"@executable_path/Frameworks",
					"@loader_path/Frameworks",
				);
				PRODUCT_BUNDLE_IDENTIFIER = AlessandroLoi.AirQualityUITests;
				PRODUCT_NAME = "$(TARGET_NAME)";
				SWIFT_VERSION = 5.0;
				TARGETED_DEVICE_FAMILY = "1,2";
				TEST_TARGET_NAME = AirQuality;
			};
			name = Debug;
		};
		98A855E82407F00600B5CEAB /* Release */ = {
			isa = XCBuildConfiguration;
			buildSettings = {
				ALWAYS_EMBED_SWIFT_STANDARD_LIBRARIES = YES;
				CODE_SIGN_STYLE = Automatic;
				DEVELOPMENT_TEAM = Z8WP5WHYSB;
				INFOPLIST_FILE = AirQualityUITests/Info.plist;
				LD_RUNPATH_SEARCH_PATHS = (
					"$(inherited)",
					"@executable_path/Frameworks",
					"@loader_path/Frameworks",
				);
				PRODUCT_BUNDLE_IDENTIFIER = AlessandroLoi.AirQualityUITests;
				PRODUCT_NAME = "$(TARGET_NAME)";
				SWIFT_VERSION = 5.0;
				TARGETED_DEVICE_FAMILY = "1,2";
				TEST_TARGET_NAME = AirQuality;
			};
			name = Release;
		};
/* End XCBuildConfiguration section */

/* Begin XCConfigurationList section */
		98A855B12407F00600B5CEAB /* Build configuration list for PBXProject "AirQuality" */ = {
			isa = XCConfigurationList;
			buildConfigurations = (
				98A855DE2407F00600B5CEAB /* Debug */,
				98A855DF2407F00600B5CEAB /* Release */,
			);
			defaultConfigurationIsVisible = 0;
			defaultConfigurationName = Release;
		};
		98A855E02407F00600B5CEAB /* Build configuration list for PBXNativeTarget "AirQuality" */ = {
			isa = XCConfigurationList;
			buildConfigurations = (
				98A855E12407F00600B5CEAB /* Debug */,
				98A855E22407F00600B5CEAB /* Release */,
			);
			defaultConfigurationIsVisible = 0;
			defaultConfigurationName = Release;
		};
		98A855E32407F00600B5CEAB /* Build configuration list for PBXNativeTarget "AirQualityTests" */ = {
			isa = XCConfigurationList;
			buildConfigurations = (
				98A855E42407F00600B5CEAB /* Debug */,
				98A855E52407F00600B5CEAB /* Release */,
			);
			defaultConfigurationIsVisible = 0;
			defaultConfigurationName = Release;
		};
		98A855E62407F00600B5CEAB /* Build configuration list for PBXNativeTarget "AirQualityUITests" */ = {
			isa = XCConfigurationList;
			buildConfigurations = (
				98A855E72407F00600B5CEAB /* Debug */,
				98A855E82407F00600B5CEAB /* Release */,
			);
			defaultConfigurationIsVisible = 0;
			defaultConfigurationName = Release;
		};
/* End XCConfigurationList section */
	};
	rootObject = 98A855AE2407F00600B5CEAB /* Project object */;
}
